
Microsoft Visual Studio Solution File, Format Version 12.00
# Visual Studio 15
VisualStudioVersion = 15.0.28307.960
MinimumVisualStudioVersion = 10.0.40219.1
Project("{FAE04EC0-301F-11D3-BF4B-00C04F79EFBC}") = "GameStore", "GameStore\GameStore.csproj", "{5394C571-84A2-4D84-BD8E-D7169E57D1F9}"
EndProject
Project("{FAE04EC0-301F-11D3-BF4B-00C04F79EFBC}") = "Utilities", "Utilities\Utilities.csproj", "{6CE5660C-0BA1-48E8-841C-C1508F1188DE}"
EndProject
Global
	GlobalSection(SolutionConfigurationPlatforms) = preSolution
		Debug|Any CPU = Debug|Any CPU
		Release|Any CPU = Release|Any CPU
	EndGlobalSection
	GlobalSection(ProjectConfigurationPlatforms) = postSolution
		{5394C571-84A2-4D84-BD8E-D7169E57D1F9}.Debug|Any CPU.ActiveCfg = Debug|Any CPU
		{5394C571-84A2-4D84-BD8E-D7169E57D1F9}.Debug|Any CPU.Build.0 = Debug|Any CPU
		{5394C571-84A2-4D84-BD8E-D7169E57D1F9}.Release|Any CPU.ActiveCfg = Release|Any CPU
		{5394C571-84A2-4D84-BD8E-D7169E57D1F9}.Release|Any CPU.Build.0 = Release|Any CPU
		{6CE5660C-0BA1-48E8-841C-C1508F1188DE}.Debug|Any CPU.ActiveCfg = Debug|Any CPU
		{6CE5660C-0BA1-48E8-841C-C1508F1188DE}.Debug|Any CPU.Build.0 = Debug|Any CPU
		{6CE5660C-0BA1-48E8-841C-C1508F1188DE}.Release|Any CPU.ActiveCfg = Release|Any CPU
		{6CE5660C-0BA1-48E8-841C-C1508F1188DE}.Release|Any CPU.Build.0 = Release|Any CPU
	EndGlobalSection
	GlobalSection(SolutionProperties) = preSolution
		HideSolutionNode = FALSE
	EndGlobalSection
	GlobalSection(ExtensibilityGlobals) = postSolution
		SolutionGuid = {2DCE9525-4428-47DB-9076-AE64834B150C}
	EndGlobalSection
EndGlobal
